
Microsoft Visual Studio Solution File, Format Version 12.00
# Visual Studio Version 17
VisualStudioVersion = 17.10.35004.147
MinimumVisualStudioVersion = 10.0.40219.1
Project("{FAE04EC0-301F-11D3-BF4B-00C04F79EFBC}") = "C# LINQ S2", "C# LINQ S2\C# LINQ S2.csproj", "{9C3F6FEF-2161-4598-8A94-57D4C8C41B0A}"
EndProject
Global
	GlobalSection(SolutionConfigurationPlatforms) = preSolution
		Debug|Any CPU = Debug|Any CPU
		Release|Any CPU = Release|Any CPU
	EndGlobalSection
	GlobalSection(ProjectConfigurationPlatforms) = postSolution
		{9C3F6FEF-2161-4598-8A94-57D4C8C41B0A}.Debug|Any CPU.ActiveCfg = Debug|Any CPU
		{9C3F6FEF-2161-4598-8A94-57D4C8C41B0A}.Debug|Any CPU.Build.0 = Debug|Any CPU
		{9C3F6FEF-2161-4598-8A94-57D4C8C41B0A}.Release|Any CPU.ActiveCfg = Release|Any CPU
		{9C3F6FEF-2161-4598-8A94-57D4C8C41B0A}.Release|Any CPU.Build.0 = Release|Any CPU
	EndGlobalSection
	GlobalSection(SolutionProperties) = preSolution
		HideSolutionNode = FALSE
	EndGlobalSection
	GlobalSection(ExtensibilityGlobals) = postSolution
		SolutionGuid = {AC9078CA-A870-4963-8EDB-949C5F664694}
	EndGlobalSection
EndGlobal
